
Microsoft Visual Studio Solution File, Format Version 12.00
# Visual Studio Version 16
VisualStudioVersion = 16.0.29201.188
MinimumVisualStudioVersion = 10.0.40219.1
Project("{FAE04EC0-301F-11D3-BF4B-00C04F79EFBC}") = "App.UI", "WPF.UI\App.UI.csproj", "{C8C0DFFF-5197-4F37-ACF0-8AF5056BFD49}"
EndProject
Project("{FAE04EC0-301F-11D3-BF4B-00C04F79EFBC}") = "App.Model", "Person.Model\App.Model.csproj", "{BF7EABA5-455D-45F6-A35B-6CF41DD4BC1D}"
EndProject
Project("{FAE04EC0-301F-11D3-BF4B-00C04F79EFBC}") = "App.UITests", "App.UITests\App.UITests.csproj", "{DD58AE99-D263-45C6-8E0F-913FFA2ECEEB}"
EndProject
Project("{FAE04EC0-301F-11D3-BF4B-00C04F79EFBC}") = "App.DataAccess", "App.Data\App.DataAccess.csproj", "{C7583100-C005-4772-B4AD-710266172840}"
EndProject
Global
	GlobalSection(SolutionConfigurationPlatforms) = preSolution
		Debug|Any CPU = Debug|Any CPU
		Release|Any CPU = Release|Any CPU
	EndGlobalSection
	GlobalSection(ProjectConfigurationPlatforms) = postSolution
		{C8C0DFFF-5197-4F37-ACF0-8AF5056BFD49}.Debug|Any CPU.ActiveCfg = Debug|Any CPU
		{C8C0DFFF-5197-4F37-ACF0-8AF5056BFD49}.Debug|Any CPU.Build.0 = Debug|Any CPU
		{C8C0DFFF-5197-4F37-ACF0-8AF5056BFD49}.Release|Any CPU.ActiveCfg = Release|Any CPU
		{C8C0DFFF-5197-4F37-ACF0-8AF5056BFD49}.Release|Any CPU.Build.0 = Release|Any CPU
		{BF7EABA5-455D-45F6-A35B-6CF41DD4BC1D}.Debug|Any CPU.ActiveCfg = Debug|Any CPU
		{BF7EABA5-455D-45F6-A35B-6CF41DD4BC1D}.Debug|Any CPU.Build.0 = Debug|Any CPU
		{BF7EABA5-455D-45F6-A35B-6CF41DD4BC1D}.Release|Any CPU.ActiveCfg = Release|Any CPU
		{BF7EABA5-455D-45F6-A35B-6CF41DD4BC1D}.Release|Any CPU.Build.0 = Release|Any CPU
		{DD58AE99-D263-45C6-8E0F-913FFA2ECEEB}.Debug|Any CPU.ActiveCfg = Debug|Any CPU
		{DD58AE99-D263-45C6-8E0F-913FFA2ECEEB}.Debug|Any CPU.Build.0 = Debug|Any CPU
		{DD58AE99-D263-45C6-8E0F-913FFA2ECEEB}.Release|Any CPU.ActiveCfg = Release|Any CPU
		{DD58AE99-D263-45C6-8E0F-913FFA2ECEEB}.Release|Any CPU.Build.0 = Release|Any CPU
		{C7583100-C005-4772-B4AD-710266172840}.Debug|Any CPU.ActiveCfg = Debug|Any CPU
		{C7583100-C005-4772-B4AD-710266172840}.Debug|Any CPU.Build.0 = Debug|Any CPU
		{C7583100-C005-4772-B4AD-710266172840}.Release|Any CPU.ActiveCfg = Release|Any CPU
		{C7583100-C005-4772-B4AD-710266172840}.Release|Any CPU.Build.0 = Release|Any CPU
	EndGlobalSection
	GlobalSection(SolutionProperties) = preSolution
		HideSolutionNode = FALSE
	EndGlobalSection
	GlobalSection(ExtensibilityGlobals) = postSolution
		SolutionGuid = {396A7932-8E23-4D47-82B7-B2264197F606}
	EndGlobalSection
EndGlobal
